// !$*UTF8*$!
{
	archiveVersion = 1;
	classes = {
	};
	objectVersion = 46;
	objects = {

/* Begin PBXBuildFile section */
		8EFF587D1BE31ED700A8D857 /* main.m in Sources */ = {isa = PBXBuildFile; fileRef = 8EFF587C1BE31ED700A8D857 /* main.m */; };
		8EFF58801BE31ED700A8D857 /* AppDelegate.m in Sources */ = {isa = PBXBuildFile; fileRef = 8EFF587F1BE31ED700A8D857 /* AppDelegate.m */; };
		8EFF58831BE31ED700A8D857 /* ViewController.m in Sources */ = {isa = PBXBuildFile; fileRef = 8EFF58821BE31ED700A8D857 /* ViewController.m */; };
		8EFF58861BE31ED700A8D857 /* Main.storyboard in Resources */ = {isa = PBXBuildFile; fileRef = 8EFF58841BE31ED700A8D857 /* Main.storyboard */; };
		8EFF58881BE31ED700A8D857 /* Assets.xcassets in Resources */ = {isa = PBXBuildFile; fileRef = 8EFF58871BE31ED700A8D857 /* Assets.xcassets */; };
		8EFF588B1BE31ED700A8D857 /* LaunchScreen.storyboard in Resources */ = {isa = PBXBuildFile; fileRef = 8EFF58891BE31ED700A8D857 /* LaunchScreen.storyboard */; };
		8EFF58961BE31ED700A8D857 /* QRCodeDemoTests.m in Sources */ = {isa = PBXBuildFile; fileRef = 8EFF58951BE31ED700A8D857 /* QRCodeDemoTests.m */; };
		8EFF58A11BE31ED700A8D857 /* QRCodeDemoUITests.m in Sources */ = {isa = PBXBuildFile; fileRef = 8EFF58A01BE31ED700A8D857 /* QRCodeDemoUITests.m */; };
/* End PBXBuildFile section */

/* Begin PBXContainerItemProxy section */
		8EFF58921BE31ED700A8D857 /* PBXContainerItemProxy */ = {
			isa = PBXContainerItemProxy;
			containerPortal = 8EFF58701BE31ED600A8D857 /* Project object */;
			proxyType = 1;
			remoteGlobalIDString = 8EFF58771BE31ED600A8D857;
			remoteInfo = QRCodeDemo;
		};
		8EFF589D1BE31ED700A8D857 /* PBXContainerItemProxy */ = {
			isa = PBXContainerItemProxy;
			containerPortal = 8EFF58701BE31ED600A8D857 /* Project object */;
			proxyType = 1;
			remoteGlobalIDString = 8EFF58771BE31ED600A8D857;
			remoteInfo = QRCodeDemo;
		};
/* End PBXContainerItemProxy section */

/* Begin PBXFileReference section */
		8EFF58781BE31ED600A8D857 /* QRCodeDemo.app */ = {isa = PBXFileReference; explicitFileType = wrapper.application; includeInIndex = 0; path = QRCodeDemo.app; sourceTree = BUILT_PRODUCTS_DIR; };
		8EFF587C1BE31ED700A8D857 /* main.m */ = {isa = PBXFileReference; lastKnownFileType = sourcecode.c.objc; path = main.m; sourceTree = "<group>"; };
		8EFF587E1BE31ED700A8D857 /* AppDelegate.h */ = {isa = PBXFileReference; lastKnownFileType = sourcecode.c.h; path = AppDelegate.h; sourceTree = "<group>"; };
		8EFF587F1BE31ED700A8D857 /* AppDelegate.m */ = {isa = PBXFileReference; lastKnownFileType = sourcecode.c.objc; path = AppDelegate.m; sourceTree = "<group>"; };
		8EFF58811BE31ED700A8D857 /* ViewController.h */ = {isa = PBXFileReference; lastKnownFileType = sourcecode.c.h; path = ViewController.h; sourceTree = "<group>"; };
		8EFF58821BE31ED700A8D857 /* ViewController.m */ = {isa = PBXFileReference; lastKnownFileType = sourcecode.c.objc; path = ViewController.m; sourceTree = "<group>"; };
		8EFF58851BE31ED700A8D857 /* Base */ = {isa = PBXFileReference; lastKnownFileType = file.storyboard; name = Base; path = Base.lproj/Main.storyboard; sourceTree = "<group>"; };
		8EFF58871BE31ED700A8D857 /* Assets.xcassets */ = {isa = PBXFileReference; lastKnownFileType = folder.assetcatalog; path = Assets.xcassets; sourceTree = "<group>"; };
		8EFF588A1BE31ED700A8D857 /* Base */ = {isa = PBXFileReference; lastKnownFileType = file.storyboard; name = Base; path = Base.lproj/LaunchScreen.storyboard; sourceTree = "<group>"; };
		8EFF588C1BE31ED700A8D857 /* Info.plist */ = {isa = PBXFileReference; lastKnownFileType = text.plist.xml; path = Info.plist; sourceTree = "<group>"; };
		8EFF58911BE31ED700A8D857 /* QRCodeDemoTests.xctest */ = {isa = PBXFileReference; explicitFileType = wrapper.cfbundle; includeInIndex = 0; path = QRCodeDemoTests.xctest; sourceTree = BUILT_PRODUCTS_DIR; };
		8EFF58951BE31ED700A8D857 /* QRCodeDemoTests.m */ = {isa = PBXFileReference; lastKnownFileType = sourcecode.c.objc; path = QRCodeDemoTests.m; sourceTree = "<group>"; };
		8EFF58971BE31ED700A8D857 /* Info.plist */ = {isa = PBXFileReference; lastKnownFileType = text.plist.xml; path = Info.plist; sourceTree = "<group>"; };
		8EFF589C1BE31ED700A8D857 /* QRCodeDemoUITests.xctest */ = {isa = PBXFileReference; explicitFileType = wrapper.cfbundle; includeInIndex = 0; path = QRCodeDemoUITests.xctest; sourceTree = BUILT_PRODUCTS_DIR; };
		8EFF58A01BE31ED700A8D857 /* QRCodeDemoUITests.m */ = {isa = PBXFileReference; lastKnownFileType = sourcecode.c.objc; path = QRCodeDemoUITests.m; sourceTree = "<group>"; };
		8EFF58A21BE31ED700A8D857 /* Info.plist */ = {isa = PBXFileReference; lastKnownFileType = text.plist.xml; path = Info.plist; sourceTree = "<group>"; };
/* End PBXFileReference section */

/* Begin PBXFrameworksBuildPhase section */
		8EFF58751BE31ED600A8D857 /* Frameworks */ = {
			isa = PBXFrameworksBuildPhase;
			buildActionMask = 2147483647;
			files = (
			);
			runOnlyForDeploymentPostprocessing = 0;
		};
		8EFF588E1BE31ED700A8D857 /* Frameworks */ = {
			isa = PBXFrameworksBuildPhase;
			buildActionMask = 2147483647;
			files = (
			);
			runOnlyForDeploymentPostprocessing = 0;
		};
		8EFF58991BE31ED700A8D857 /* Frameworks */ = {
			isa = PBXFrameworksBuildPhase;
			buildActionMask = 2147483647;
			files = (
			);
			runOnlyForDeploymentPostprocessing = 0;
		};
/* End PBXFrameworksBuildPhase section */

/* Begin PBXGroup section */
		8EFF586F1BE31ED600A8D857 = {
			isa = PBXGroup;
			children = (
				8EFF587A1BE31ED600A8D857 /* QRCodeDemo */,
				8EFF58941BE31ED700A8D857 /* QRCodeDemoTests */,
				8EFF589F1BE31ED700A8D857 /* QRCodeDemoUITests */,
				8EFF58791BE31ED600A8D857 /* Products */,
			);
			sourceTree = "<group>";
		};
		8EFF58791BE31ED600A8D857 /* Products */ = {
			isa = PBXGroup;
			children = (
				8EFF58781BE31ED600A8D857 /* QRCodeDemo.app */,
				8EFF58911BE31ED700A8D857 /* QRCodeDemoTests.xctest */,
				8EFF589C1BE31ED700A8D857 /* QRCodeDemoUITests.xctest */,
			);
			name = Products;
			sourceTree = "<group>";
		};
		8EFF587A1BE31ED600A8D857 /* QRCodeDemo */ = {
			isa = PBXGroup;
			children = (
				8EFF587E1BE31ED700A8D857 /* AppDelegate.h */,
				8EFF587F1BE31ED700A8D857 /* AppDelegate.m */,
				8EFF58811BE31ED700A8D857 /* ViewController.h */,
				8EFF58821BE31ED700A8D857 /* ViewController.m */,
				8EFF58841BE31ED700A8D857 /* Main.storyboard */,
				8EFF58871BE31ED700A8D857 /* Assets.xcassets */,
				8EFF58891BE31ED700A8D857 /* LaunchScreen.storyboard */,
				8EFF588C1BE31ED700A8D857 /* Info.plist */,
				8EFF587B1BE31ED700A8D857 /* Supporting Files */,
			);
			path = QRCodeDemo;
			sourceTree = "<group>";
		};
		8EFF587B1BE31ED700A8D857 /* Supporting Files */ = {
			isa = PBXGroup;
			children = (
				8EFF587C1BE31ED700A8D857 /* main.m */,
			);
			name = "Supporting Files";
			sourceTree = "<group>";
		};
		8EFF58941BE31ED700A8D857 /* QRCodeDemoTests */ = {
			isa = PBXGroup;
			children = (
				8EFF58951BE31ED700A8D857 /* QRCodeDemoTests.m */,
				8EFF58971BE31ED700A8D857 /* Info.plist */,
			);
			path = QRCodeDemoTests;
			sourceTree = "<group>";
		};
		8EFF589F1BE31ED700A8D857 /* QRCodeDemoUITests */ = {
			isa = PBXGroup;
			children = (
				8EFF58A01BE31ED700A8D857 /* QRCodeDemoUITests.m */,
				8EFF58A21BE31ED700A8D857 /* Info.plist */,
			);
			path = QRCodeDemoUITests;
			sourceTree = "<group>";
		};
/* End PBXGroup section */

/* Begin PBXNativeTarget section */
		8EFF58771BE31ED600A8D857 /* QRCodeDemo */ = {
			isa = PBXNativeTarget;
			buildConfigurationList = 8EFF58A51BE31ED700A8D857 /* Build configuration list for PBXNativeTarget "QRCodeDemo" */;
			buildPhases = (
				8EFF58741BE31ED600A8D857 /* Sources */,
				8EFF58751BE31ED600A8D857 /* Frameworks */,
				8EFF58761BE31ED600A8D857 /* Resources */,
			);
			buildRules = (
			);
			dependencies = (
			);
			name = QRCodeDemo;
			productName = QRCodeDemo;
			productReference = 8EFF58781BE31ED600A8D857 /* QRCodeDemo.app */;
			productType = "com.apple.product-type.application";
		};
		8EFF58901BE31ED700A8D857 /* QRCodeDemoTests */ = {
			isa = PBXNativeTarget;
			buildConfigurationList = 8EFF58A81BE31ED700A8D857 /* Build configuration list for PBXNativeTarget "QRCodeDemoTests" */;
			buildPhases = (
				8EFF588D1BE31ED700A8D857 /* Sources */,
				8EFF588E1BE31ED700A8D857 /* Frameworks */,
				8EFF588F1BE31ED700A8D857 /* Resources */,
			);
			buildRules = (
			);
			dependencies = (
				8EFF58931BE31ED700A8D857 /* PBXTargetDependency */,
			);
			name = QRCodeDemoTests;
			productName = QRCodeDemoTests;
			productReference = 8EFF58911BE31ED700A8D857 /* QRCodeDemoTests.xctest */;
			productType = "com.apple.product-type.bundle.unit-test";
		};
		8EFF589B1BE31ED700A8D857 /* QRCodeDemoUITests */ = {
			isa = PBXNativeTarget;
			buildConfigurationList = 8EFF58AB1BE31ED700A8D857 /* Build configuration list for PBXNativeTarget "QRCodeDemoUITests" */;
			buildPhases = (
				8EFF58981BE31ED700A8D857 /* Sources */,
				8EFF58991BE31ED700A8D857 /* Frameworks */,
				8EFF589A1BE31ED700A8D857 /* Resources */,
			);
			buildRules = (
			);
			dependencies = (
				8EFF589E1BE31ED700A8D857 /* PBXTargetDependency */,
			);
			name = QRCodeDemoUITests;
			productName = QRCodeDemoUITests;
			productReference = 8EFF589C1BE31ED700A8D857 /* QRCodeDemoUITests.xctest */;
			productType = "com.apple.product-type.bundle.ui-testing";
		};
/* End PBXNativeTarget section */

/* Begin PBXProject section */
		8EFF58701BE31ED600A8D857 /* Project object */ = {
			isa = PBXProject;
			attributes = {
				LastUpgradeCheck = 0710;
				ORGANIZATIONNAME = ZhouBei;
				TargetAttributes = {
					8EFF58771BE31ED600A8D857 = {
						CreatedOnToolsVersion = 7.1;
						DevelopmentTeam = 55E92Z9E8M;
					};
					8EFF58901BE31ED700A8D857 = {
						CreatedOnToolsVersion = 7.1;
						DevelopmentTeam = 55E92Z9E8M;
						TestTargetID = 8EFF58771BE31ED600A8D857;
					};
					8EFF589B1BE31ED700A8D857 = {
						CreatedOnToolsVersion = 7.1;
						DevelopmentTeam = 55E92Z9E8M;
						TestTargetID = 8EFF58771BE31ED600A8D857;
					};
				};
			};
			buildConfigurationList = 8EFF58731BE31ED600A8D857 /* Build configuration list for PBXProject "QRCodeDemo" */;
			compatibilityVersion = "Xcode 3.2";
			developmentRegion = English;
			hasScannedForEncodings = 0;
			knownRegions = (
				en,
				Base,
			);
			mainGroup = 8EFF586F1BE31ED600A8D857;
			productRefGroup = 8EFF58791BE31ED600A8D857 /* Products */;
			projectDirPath = "";
			projectRoot = "";
			targets = (
				8EFF58771BE31ED600A8D857 /* QRCodeDemo */,
				8EFF58901BE31ED700A8D857 /* QRCodeDemoTests */,
				8EFF589B1BE31ED700A8D857 /* QRCodeDemoUITests */,
			);
		};
/* End PBXProject section */

/* Begin PBXResourcesBuildPhase section */
		8EFF58761BE31ED600A8D857 /* Resources */ = {
			isa = PBXResourcesBuildPhase;
			buildActionMask = 2147483647;
			files = (
				8EFF588B1BE31ED700A8D857 /* LaunchScreen.storyboard in Resources */,
				8EFF58881BE31ED700A8D857 /* Assets.xcassets in Resources */,
				8EFF58861BE31ED700A8D857 /* Main.storyboard in Resources */,
			);
			runOnlyForDeploymentPostprocessing = 0;
		};
		8EFF588F1BE31ED700A8D857 /* Resources */ = {
			isa = PBXResourcesBuildPhase;
			buildActionMask = 2147483647;
			files = (
			);
			runOnlyForDeploymentPostprocessing = 0;
		};
		8EFF589A1BE31ED700A8D857 /* Resources */ = {
			isa = PBXResourcesBuildPhase;
			buildActionMask = 2147483647;
			files = (
			);
			runOnlyForDeploymentPostprocessing = 0;
		};
/* End PBXResourcesBuildPhase section */

/* Begin PBXSourcesBuildPhase section */
		8EFF58741BE31ED600A8D857 /* Sources */ = {
			isa = PBXSourcesBuildPhase;
			buildActionMask = 2147483647;
			files = (
				8EFF58831BE31ED700A8D857 /* ViewController.m in Sources */,
				8EFF58801BE31ED700A8D857 /* AppDelegate.m in Sources */,
				8EFF587D1BE31ED700A8D857 /* main.m in Sources */,
			);
			runOnlyForDeploymentPostprocessing = 0;
		};
		8EFF588D1BE31ED700A8D857 /* Sources */ = {
			isa = PBXSourcesBuildPhase;
			buildActionMask = 2147483647;
			files = (
				8EFF58961BE31ED700A8D857 /* QRCodeDemoTests.m in Sources */,
			);
			runOnlyForDeploymentPostprocessing = 0;
		};
		8EFF58981BE31ED700A8D857 /* Sources */ = {
			isa = PBXSourcesBuildPhase;
			buildActionMask = 2147483647;
			files = (
				8EFF58A11BE31ED700A8D857 /* QRCodeDemoUITests.m in Sources */,
			);
			runOnlyForDeploymentPostprocessing = 0;
		};
/* End PBXSourcesBuildPhase section */

/* Begin PBXTargetDependency section */
		8EFF58931BE31ED700A8D857 /* PBXTargetDependency */ = {
			isa = PBXTargetDependency;
			target = 8EFF58771BE31ED600A8D857 /* QRCodeDemo */;
			targetProxy = 8EFF58921BE31ED700A8D857 /* PBXContainerItemProxy */;
		};
		8EFF589E1BE31ED700A8D857 /* PBXTargetDependency */ = {
			isa = PBXTargetDependency;
			target = 8EFF58771BE31ED600A8D857 /* QRCodeDemo */;
			targetProxy = 8EFF589D1BE31ED700A8D857 /* PBXContainerItemProxy */;
		};
/* End PBXTargetDependency section */

/* Begin PBXVariantGroup section */
		8EFF58841BE31ED700A8D857 /* Main.storyboard */ = {
			isa = PBXVariantGroup;
			children = (
				8EFF58851BE31ED700A8D857 /* Base */,
			);
			name = Main.storyboard;
			sourceTree = "<group>";
		};
		8EFF58891BE31ED700A8D857 /* LaunchScreen.storyboard */ = {
			isa = PBXVariantGroup;
			children = (
				8EFF588A1BE31ED700A8D857 /* Base */,
			);
			name = LaunchScreen.storyboard;
			sourceTree = "<group>";
		};
/* End PBXVariantGroup section */

/* Begin XCBuildConfiguration section */
		8EFF58A31BE31ED700A8D857 /* Debug */ = {
			isa = XCBuildConfiguration;
			buildSettings = {
				ALWAYS_SEARCH_USER_PATHS = NO;
				CLANG_CXX_LANGUAGE_STANDARD = "gnu++0x";
				CLANG_CXX_LIBRARY = "libc++";
				CLANG_ENABLE_MODULES = YES;
				CLANG_ENABLE_OBJC_ARC = YES;
				CLANG_WARN_BOOL_CONVERSION = YES;
				CLANG_WARN_CONSTANT_CONVERSION = YES;
				CLANG_WARN_DIRECT_OBJC_ISA_USAGE = YES_ERROR;
				CLANG_WARN_EMPTY_BODY = YES;
				CLANG_WARN_ENUM_CONVERSION = YES;
				CLANG_WARN_INT_CONVERSION = YES;
				CLANG_WARN_OBJC_ROOT_CLASS = YES_ERROR;
				CLANG_WARN_UNREACHABLE_CODE = YES;
				CLANG_WARN__DUPLICATE_METHOD_MATCH = YES;
				"CODE_SIGN_IDENTITY[sdk=iphoneos*]" = "iPhone Developer";
				COPY_PHASE_STRIP = NO;
				DEBUG_INFORMATION_FORMAT = dwarf;
				ENABLE_STRICT_OBJC_MSGSEND = YES;
				ENABLE_TESTABILITY = YES;
				GCC_C_LANGUAGE_STANDARD = gnu99;
				GCC_DYNAMIC_NO_PIC = NO;
				GCC_NO_COMMON_BLOCKS = YES;
				GCC_OPTIMIZATION_LEVEL = 0;
				GCC_PREPROCESSOR_DEFINITIONS = (
					"DEBUG=1",
					"$(inherited)",
				);
				GCC_WARN_64_TO_32_BIT_CONVERSION = YES;
				GCC_WARN_ABOUT_RETURN_TYPE = YES_ERROR;
				GCC_WARN_UNDECLARED_SELECTOR = YES;
				GCC_WARN_UNINITIALIZED_AUTOS = YES_AGGRESSIVE;
				GCC_WARN_UNUSED_FUNCTION = YES;
				GCC_WARN_UNUSED_VARIABLE = YES;
				IPHONEOS_DEPLOYMENT_TARGET = 9.1;
				MTL_ENABLE_DEBUG_INFO = YES;
				ONLY_ACTIVE_ARCH = YES;
				SDKROOT = iphoneos;
			};
			name = Debug;
		};
		8EFF58A41BE31ED700A8D857 /* Release */ = {
			isa = XCBuildConfiguration;
			buildSettings = {
				ALWAYS_SEARCH_USER_PATHS = NO;
				CLANG_CXX_LANGUAGE_STANDARD = "gnu++0x";
				CLANG_CXX_LIBRARY = "libc++";
				CLANG_ENABLE_MODULES = YES;
				CLANG_ENABLE_OBJC_ARC = YES;
				CLANG_WARN_BOOL_CONVERSION = YES;
				CLANG_WARN_CONSTANT_CONVERSION = YES;
				CLANG_WARN_DIRECT_OBJC_ISA_USAGE = YES_ERROR;
				CLANG_WARN_EMPTY_BODY = YES;
				CLANG_WARN_ENUM_CONVERSION = YES;
				CLANG_WARN_INT_CONVERSION = YES;
				CLANG_WARN_OBJC_ROOT_CLASS = YES_ERROR;
				CLANG_WARN_UNREACHABLE_CODE = YES;
				CLANG_WARN__DUPLICATE_METHOD_MATCH = YES;
				"CODE_SIGN_IDENTITY[sdk=iphoneos*]" = "iPhone Developer";
				COPY_PHASE_STRIP = NO;
				DEBUG_INFORMATION_FORMAT = "dwarf-with-dsym";
				ENABLE_NS_ASSERTIONS = NO;
				ENABLE_STRICT_OBJC_MSGSEND = YES;
				GCC_C_LANGUAGE_STANDARD = gnu99;
				GCC_NO_COMMON_BLOCKS = YES;
				GCC_WARN_64_TO_32_BIT_CONVERSION = YES;
				GCC_WARN_ABOUT_RETURN_TYPE = YES_ERROR;
				GCC_WARN_UNDECLARED_SELECTOR = YES;
				GCC_WARN_UNINITIALIZED_AUTOS = YES_AGGRESSIVE;
				GCC_WARN_UNUSED_FUNCTION = YES;
				GCC_WARN_UNUSED_VARIABLE = YES;
				IPHONEOS_DEPLOYMENT_TARGET = 9.1;
				MTL_ENABLE_DEBUG_INFO = NO;
				SDKROOT = iphoneos;
				VALIDATE_PRODUCT = YES;
			};
			name = Release;
		};
		8EFF58A61BE31ED700A8D857 /* Debug */ = {
			isa = XCBuildConfiguration;
			buildSettings = {
				ASSETCATALOG_COMPILER_APPICON_NAME = AppIcon;
				INFOPLIST_FILE = QRCodeDemo/Info.plist;
				LD_RUNPATH_SEARCH_PATHS = "$(inherited) @executable_path/Frameworks";
				PRODUCT_BUNDLE_IDENTIFIER = BlueMobiPM5ZB.QRCodeDemo;
				PRODUCT_NAME = "$(TARGET_NAME)";
			};
			name = Debug;
		};
		8EFF58A71BE31ED700A8D857 /* Release */ = {
			isa = XCBuildConfiguration;
			buildSettings = {
				ASSETCATALOG_COMPILER_APPICON_NAME = AppIcon;
				INFOPLIST_FILE = QRCodeDemo/Info.plist;
				LD_RUNPATH_SEARCH_PATHS = "$(inherited) @executable_path/Frameworks";
				PRODUCT_BUNDLE_IDENTIFIER = BlueMobiPM5ZB.QRCodeDemo;
				PRODUCT_NAME = "$(TARGET_NAME)";
			};
			name = Release;
		};
		8EFF58A91BE31ED700A8D857 /* Debug */ = {
			isa = XCBuildConfiguration;
			buildSettings = {
				BUNDLE_LOADER = "$(TEST_HOST)";
				INFOPLIST_FILE = QRCodeDemoTests/Info.plist;
				LD_RUNPATH_SEARCH_PATHS = "$(inherited) @executable_path/Frameworks @loader_path/Frameworks";
				PRODUCT_BUNDLE_IDENTIFIER = BlueMobiPM5ZB.QRCodeDemoTests;
				PRODUCT_NAME = "$(TARGET_NAME)";
				TEST_HOST = "$(BUILT_PRODUCTS_DIR)/QRCodeDemo.app/QRCodeDemo";
			};
			name = Debug;
		};
		8EFF58AA1BE31ED700A8D857 /* Release */ = {
			isa = XCBuildConfiguration;
			buildSettings = {
				BUNDLE_LOADER = "$(TEST_HOST)";
				INFOPLIST_FILE = QRCodeDemoTests/Info.plist;
				LD_RUNPATH_SEARCH_PATHS = "$(inherited) @executable_path/Frameworks @loader_path/Frameworks";
				PRODUCT_BUNDLE_IDENTIFIER = BlueMobiPM5ZB.QRCodeDemoTests;
				PRODUCT_NAME = "$(TARGET_NAME)";
				TEST_HOST = "$(BUILT_PRODUCTS_DIR)/QRCodeDemo.app/QRCodeDemo";
			};
			name = Release;
		};
		8EFF58AC1BE31ED700A8D857 /* Debug */ = {
			isa = XCBuildConfiguration;
			buildSettings = {
				INFOPLIST_FILE = QRCodeDemoUITests/Info.plist;
				LD_RUNPATH_SEARCH_PATHS = "$(inherited) @executable_path/Frameworks @loader_path/Frameworks";
				PRODUCT_BUNDLE_IDENTIFIER = BlueMobiPM5ZB.QRCodeDemoUITests;
				PRODUCT_NAME = "$(TARGET_NAME)";
				TEST_TARGET_NAME = QRCodeDemo;
				USES_XCTRUNNER = YES;
			};
			name = Debug;
		};
		8EFF58AD1BE31ED700A8D857 /* Release */ = {
			isa = XCBuildConfiguration;
			buildSettings = {
				INFOPLIST_FILE = QRCodeDemoUITests/Info.plist;
				LD_RUNPATH_SEARCH_PATHS = "$(inherited) @executable_path/Frameworks @loader_path/Frameworks";
				PRODUCT_BUNDLE_IDENTIFIER = BlueMobiPM5ZB.QRCodeDemoUITests;
				PRODUCT_NAME = "$(TARGET_NAME)";
				TEST_TARGET_NAME = QRCodeDemo;
				USES_XCTRUNNER = YES;
			};
			name = Release;
		};
/* End XCBuildConfiguration section */

/* Begin XCConfigurationList section */
		8EFF58731BE31ED600A8D857 /* Build configuration list for PBXProject "QRCodeDemo" */ = {
			isa = XCConfigurationList;
			buildConfigurations = (
				8EFF58A31BE31ED700A8D857 /* Debug */,
				8EFF58A41BE31ED700A8D857 /* Release */,
			);
			defaultConfigurationIsVisible = 0;
			defaultConfigurationName = Release;
		};
		8EFF58A51BE31ED700A8D857 /* Build configuration list for PBXNativeTarget "QRCodeDemo" */ = {
			isa = XCConfigurationList;
			buildConfigurations = (
				8EFF58A61BE31ED700A8D857 /* Debug */,
				8EFF58A71BE31ED700A8D857 /* Release */,
			);
			defaultConfigurationIsVisible = 0;
		};
		8EFF58A81BE31ED700A8D857 /* Build configuration list for PBXNativeTarget "QRCodeDemoTests" */ = {
			isa = XCConfigurationList;
			buildConfigurations = (
				8EFF58A91BE31ED700A8D857 /* Debug */,
				8EFF58AA1BE31ED700A8D857 /* Release */,
			);
			defaultConfigurationIsVisible = 0;
		};
		8EFF58AB1BE31ED700A8D857 /* Build configuration list for PBXNativeTarget "QRCodeDemoUITests" */ = {
			isa = XCConfigurationList;
			buildConfigurations = (
				8EFF58AC1BE31ED700A8D857 /* Debug */,
				8EFF58AD1BE31ED700A8D857 /* Release */,
			);
			defaultConfigurationIsVisible = 0;
		};
/* End XCConfigurationList section */
	};
	rootObject = 8EFF58701BE31ED600A8D857 /* Project object */;
}
